<?xml version="1.0" encoding="utf-8"?>
<Project ToolsVersion="4.0" xmlns="http://schemas.microsoft.com/developer/msbuild/2003">
  <ItemGroup>
    <Filter Include="Source Files">
      <UniqueIdentifier>{4FC737F1-C7A5-4376-A066-2A32D752A2FF}</UniqueIdentifier>
      <Extensions>cpp;c;cc;cxx;def;odl;idl;hpj;bat;asm;asmx</Extensions>
    </Filter>
    <Filter Include="Header Files">
      <UniqueIdentifier>{93995380-89BD-4b04-88EB-625FBE52EBFB}</UniqueIdentifier>
      <Extensions>h;hh;hpp;hxx;hm;inl;inc;xsd</Extensions>
    </Filter>
    <Filter Include="Resource Files">
      <UniqueIdentifier>{67DA6AB6-F800-4c08-8B7A-83BB121AAD01}</UniqueIdentifier>
      <Extensions>rc;ico;cur;bmp;dlg;rc2;rct;bin;rgs;gif;jpg;jpeg;jpe;resx;tiff;tif;png;wav</Extensions>
    </Filter>
  </ItemGroup>
  <ItemGroup>
    <ClCompile Include="main.cpp">
      <Filter>Source Files</Filter>
    </ClCompile>
    <ClCompile Include="thecpp\simple_comparison.cpp">
      <Filter>Source Files</Filter>
    </ClCompile>
    <ClCompile Include="thecpp\ifelseExample.cpp">
      <Filter>Source Files</Filter>
    </ClCompile>
    <ClCompile Include="thecpp\logical_operators.cpp">
      <Filter>Source Files</Filter>
    </ClCompile>
    <ClCompile Include="thecpp\average_score_calculation.cpp">
      <Filter>Source Files</Filter>
    </ClCompile>
    <ClCompile Include="thecpp\boolean_equality_demo.cpp">
      <Filter>Source Files</Filter>
    </ClCompile>
    <ClCompile Include="thecpp\calculator_demo.cpp">
      <Filter>Source Files</Filter>
    </ClCompile>
    <ClCompile Include="thecpp\circle_area_calculator.cpp">
      <Filter>Source Files</Filter>
    </ClCompile>
    <ClCompile Include="thecpp\constants_demo.cpp">
      <Filter>Source Files</Filter>
    </ClCompile>
    <ClCompile Include="thecpp\data_type_ranges.cpp">
      <Filter>Source Files</Filter>
    </ClCompile>
    <ClCompile Include="thecpp\english_tax_calculator.cpp">
      <Filter>Source Files</Filter>
    </ClCompile>
    <ClCompile Include="thecpp\float_literal_example.cpp">
      <Filter>Source Files</Filter>
    </ClCompile>
    <ClCompile Include="thecpp\floating_point_addition.cpp">
      <Filter>Source Files</Filter>
    </ClCompile>
    <ClCompile Include="thecpp\floating_point_comparison.cpp">
      <Filter>Source Files</Filter>
    </ClCompile>
    <ClCompile Include="thecpp\floating_point_limits.cpp">
      <Filter>Source Files</Filter>
    </ClCompile>
    <ClCompile Include="thecpp\floating_point_precision.cpp">
      <Filter>Source Files</Filter>
    </ClCompile>
    <ClCompile Include="thecpp\floating_point_types.cpp">
      <Filter>Source Files</Filter>
    </ClCompile>
    <ClCompile Include="thecpp\integer_division_modulo.cpp">
      <Filter>Source Files</Filter>
    </ClCompile>
    <ClCompile Include="thecpp\integer_float_division.cpp">
      <Filter>Source Files</Filter>
    </ClCompile>
    <ClCompile Include="thecpp\integer_limits.cpp">
      <Filter>Source Files</Filter>
    </ClCompile>
    <ClCompile Include="thecpp\math_functions_demo.cpp">
      <Filter>Source Files</Filter>
    </ClCompile>
    <ClCompile Include="thecpp\player_health_calculator.cpp">
      <Filter>Source Files</Filter>
    </ClCompile>
    <ClCompile Include="thecpp\print_age.cpp">
      <Filter>Source Files</Filter>
    </ClCompile>
    <ClCompile Include="thecpp\rectangle_area_fixed.cpp">
      <Filter>Source Files</Filter>
    </ClCompile>
    <ClCompile Include="thecpp\rectangle_area_input.cpp">
      <Filter>Source Files</Filter>
    </ClCompile>
    <ClCompile Include="thecpp\rectangle_perimeter.cpp">
      <Filter>Source Files</Filter>
    </ClCompile>
    <ClCompile Include="thecpp\save_game_score.cpp">
      <Filter>Source Files</Filter>
    </ClCompile>
    <ClCompile Include="thecpp\scientific_notation.cpp">
      <Filter>Source Files</Filter>
    </ClCompile>
    <ClCompile Include="thecpp\simple_arithmetic.cpp">
      <Filter>Source Files</Filter>
    </ClCompile>
    <ClCompile Include="thecpp\tax_calculator.cpp">
      <Filter>Source Files</Filter>
    </ClCompile>
    <ClCompile Include="thecpp\type_conversion_demo.cpp">
      <Filter>Source Files</Filter>
    </ClCompile>
    <ClCompile Include="thecpp\type_sizes.cpp">
      <Filter>Source Files</Filter>
    </ClCompile>
    <ClCompile Include="thecpp\variable_declarations.cpp">
      <Filter>Source Files</Filter>
    </ClCompile>
    <ClCompile Include="thecpp\yearly_salary_calculator.cpp">
      <Filter>Source Files</Filter>
    </ClCompile>
    <ClCompile Include="thecpp\say_hello.cpp">
      <Filter>Source Files</Filter>
    </ClCompile>
    <ClCompile Include="thecpp\number_list.cpp">
      <Filter>Source Files</Filter>
    </ClCompile>
  </ItemGroup>
</Project>